// !$*UTF8*$!
{
	archiveVersion = 1;
	classes = {
	};
	objectVersion = 48;
	objects = {

/* Begin PBXBuildFile section */
		4CA0F84D200DE96F00B12199 /* AppDelegate.swift in Sources */ = {isa = PBXBuildFile; fileRef = 4CA0F84C200DE96F00B12199 /* AppDelegate.swift */; };
		4CA0F84F200DE96F00B12199 /* ViewController.swift in Sources */ = {isa = PBXBuildFile; fileRef = 4CA0F84E200DE96F00B12199 /* ViewController.swift */; };
		4CA0F852200DE96F00B12199 /* Main.storyboard in Resources */ = {isa = PBXBuildFile; fileRef = 4CA0F850200DE96F00B12199 /* Main.storyboard */; };
		4CA0F854200DE96F00B12199 /* Assets.xcassets in Resources */ = {isa = PBXBuildFile; fileRef = 4CA0F853200DE96F00B12199 /* Assets.xcassets */; };
		4CA0F857200DE96F00B12199 /* LaunchScreen.storyboard in Resources */ = {isa = PBXBuildFile; fileRef = 4CA0F855200DE96F00B12199 /* LaunchScreen.storyboard */; };
		4CF577C920188120003AADBD /* UserAPI.swift in Sources */ = {isa = PBXBuildFile; fileRef = 4CF577C820188120003AADBD /* UserAPI.swift */; };
		4CF577CB201883E3003AADBD /* Observable + ObjectMapper.swift in Sources */ = {isa = PBXBuildFile; fileRef = 4CF577CA201883E3003AADBD /* Observable + ObjectMapper.swift */; };
		53D5893DD7E64BA981D94CA1 /* Pods_rxzzz.framework in Frameworks */ = {isa = PBXBuildFile; fileRef = A4FF8A83F98DBAD4422BC749 /* Pods_rxzzz.framework */; };
/* End PBXBuildFile section */

/* Begin PBXFileReference section */
		311E54BF2A0ABA7F34EB8030 /* Pods-rxzzz.release.xcconfig */ = {isa = PBXFileReference; includeInIndex = 1; lastKnownFileType = text.xcconfig; name = "Pods-rxzzz.release.xcconfig"; path = "Pods/Target Support Files/Pods-rxzzz/Pods-rxzzz.release.xcconfig"; sourceTree = "<group>"; };
		4CA0F849200DE96F00B12199 /* rxzzz.app */ = {isa = PBXFileReference; explicitFileType = wrapper.application; includeInIndex = 0; path = rxzzz.app; sourceTree = BUILT_PRODUCTS_DIR; };
		4CA0F84C200DE96F00B12199 /* AppDelegate.swift */ = {isa = PBXFileReference; lastKnownFileType = sourcecode.swift; path = AppDelegate.swift; sourceTree = "<group>"; };
		4CA0F84E200DE96F00B12199 /* ViewController.swift */ = {isa = PBXFileReference; lastKnownFileType = sourcecode.swift; path = ViewController.swift; sourceTree = "<group>"; };
		4CA0F851200DE96F00B12199 /* Base */ = {isa = PBXFileReference; lastKnownFileType = file.storyboard; name = Base; path = Base.lproj/Main.storyboard; sourceTree = "<group>"; };
		4CA0F853200DE96F00B12199 /* Assets.xcassets */ = {isa = PBXFileReference; lastKnownFileType = folder.assetcatalog; path = Assets.xcassets; sourceTree = "<group>"; };
		4CA0F856200DE96F00B12199 /* Base */ = {isa = PBXFileReference; lastKnownFileType = file.storyboard; name = Base; path = Base.lproj/LaunchScreen.storyboard; sourceTree = "<group>"; };
		4CA0F858200DE96F00B12199 /* Info.plist */ = {isa = PBXFileReference; lastKnownFileType = text.plist.xml; path = Info.plist; sourceTree = "<group>"; };
		4CF577C820188120003AADBD /* UserAPI.swift */ = {isa = PBXFileReference; fileEncoding = 4; lastKnownFileType = sourcecode.swift; path = UserAPI.swift; sourceTree = "<group>"; };
		4CF577CA201883E3003AADBD /* Observable + ObjectMapper.swift */ = {isa = PBXFileReference; lastKnownFileType = sourcecode.swift; path = "Observable + ObjectMapper.swift"; sourceTree = "<group>"; };
		82987C80E379DD1D81648F28 /* Pods-rxzzz.debug.xcconfig */ = {isa = PBXFileReference; includeInIndex = 1; lastKnownFileType = text.xcconfig; name = "Pods-rxzzz.debug.xcconfig"; path = "Pods/Target Support Files/Pods-rxzzz/Pods-rxzzz.debug.xcconfig"; sourceTree = "<group>"; };
		A4FF8A83F98DBAD4422BC749 /* Pods_rxzzz.framework */ = {isa = PBXFileReference; explicitFileType = wrapper.framework; includeInIndex = 0; path = Pods_rxzzz.framework; sourceTree = BUILT_PRODUCTS_DIR; };
/* End PBXFileReference section */

/* Begin PBXFrameworksBuildPhase section */
		4CA0F846200DE96F00B12199 /* Frameworks */ = {
			isa = PBXFrameworksBuildPhase;
			buildActionMask = 2147483647;
			files = (
				53D5893DD7E64BA981D94CA1 /* Pods_rxzzz.framework in Frameworks */,
			);
			runOnlyForDeploymentPostprocessing = 0;
		};
/* End PBXFrameworksBuildPhase section */

/* Begin PBXGroup section */
		171D9F70D0042E266A0918BB /* Pods */ = {
			isa = PBXGroup;
			children = (
				82987C80E379DD1D81648F28 /* Pods-rxzzz.debug.xcconfig */,
				311E54BF2A0ABA7F34EB8030 /* Pods-rxzzz.release.xcconfig */,
			);
			name = Pods;
			sourceTree = "<group>";
		};
		21219BBB2143B114FC38155B /* Frameworks */ = {
			isa = PBXGroup;
			children = (
				A4FF8A83F98DBAD4422BC749 /* Pods_rxzzz.framework */,
			);
			name = Frameworks;
			sourceTree = "<group>";
		};
		4CA0F840200DE96F00B12199 = {
			isa = PBXGroup;
			children = (
				4CA0F84B200DE96F00B12199 /* rxzzz */,
				4CA0F84A200DE96F00B12199 /* Products */,
				171D9F70D0042E266A0918BB /* Pods */,
				21219BBB2143B114FC38155B /* Frameworks */,
			);
			sourceTree = "<group>";
		};
		4CA0F84A200DE96F00B12199 /* Products */ = {
			isa = PBXGroup;
			children = (
				4CA0F849200DE96F00B12199 /* rxzzz.app */,
			);
			name = Products;
			sourceTree = "<group>";
		};
		4CA0F84B200DE96F00B12199 /* rxzzz */ = {
			isa = PBXGroup;
			children = (
				4CA0F84C200DE96F00B12199 /* AppDelegate.swift */,
				4CF577C820188120003AADBD /* UserAPI.swift */,
				4CF577CA201883E3003AADBD /* Observable + ObjectMapper.swift */,
				4CA0F84E200DE96F00B12199 /* ViewController.swift */,
				4CA0F850200DE96F00B12199 /* Main.storyboard */,
				4CA0F853200DE96F00B12199 /* Assets.xcassets */,
				4CA0F855200DE96F00B12199 /* LaunchScreen.storyboard */,
				4CA0F858200DE96F00B12199 /* Info.plist */,
			);
			path = rxzzz;
			sourceTree = "<group>";
		};
/* End PBXGroup section */

/* Begin PBXNativeTarget section */
		4CA0F848200DE96F00B12199 /* rxzzz */ = {
			isa = PBXNativeTarget;
			buildConfigurationList = 4CA0F85B200DE96F00B12199 /* Build configuration list for PBXNativeTarget "rxzzz" */;
			buildPhases = (
				FD324914BEB1DB4B3B6BCF29 /* [CP] Check Pods Manifest.lock */,
				4CA0F845200DE96F00B12199 /* Sources */,
				4CA0F846200DE96F00B12199 /* Frameworks */,
				4CA0F847200DE96F00B12199 /* Resources */,
				29D05DFB5364A2157BE5E178 /* [CP] Embed Pods Frameworks */,
				37A1C10621547B2C93E29076 /* [CP] Copy Pods Resources */,
			);
			buildRules = (
			);
			dependencies = (
			);
			name = rxzzz;
			productName = rxzzz;
			productReference = 4CA0F849200DE96F00B12199 /* rxzzz.app */;
			productType = "com.apple.product-type.application";
		};
/* End PBXNativeTarget section */

/* Begin PBXProject section */
		4CA0F841200DE96F00B12199 /* Project object */ = {
			isa = PBXProject;
			attributes = {
				LastSwiftUpdateCheck = 0920;
				LastUpgradeCheck = 0920;
				ORGANIZATIONNAME = Nick.Inc;
				TargetAttributes = {
					4CA0F848200DE96F00B12199 = {
						CreatedOnToolsVersion = 9.2;
						ProvisioningStyle = Automatic;
					};
				};
			};
			buildConfigurationList = 4CA0F844200DE96F00B12199 /* Build configuration list for PBXProject "rxzzz" */;
			compatibilityVersion = "Xcode 8.0";
			developmentRegion = en;
			hasScannedForEncodings = 0;
			knownRegions = (
				en,
				Base,
			);
			mainGroup = 4CA0F840200DE96F00B12199;
			productRefGroup = 4CA0F84A200DE96F00B12199 /* Products */;
			projectDirPath = "";
			projectRoot = "";
			targets = (
				4CA0F848200DE96F00B12199 /* rxzzz */,
			);
		};
/* End PBXProject section */

/* Begin PBXResourcesBuildPhase section */
		4CA0F847200DE96F00B12199 /* Resources */ = {
			isa = PBXResourcesBuildPhase;
			buildActionMask = 2147483647;
			files = (
				4CA0F857200DE96F00B12199 /* LaunchScreen.storyboard in Resources */,
				4CA0F854200DE96F00B12199 /* Assets.xcassets in Resources */,
				4CA0F852200DE96F00B12199 /* Main.storyboard in Resources */,
			);
			runOnlyForDeploymentPostprocessing = 0;
		};
/* End PBXResourcesBuildPhase section */

/* Begin PBXShellScriptBuildPhase section */
		29D05DFB5364A2157BE5E178 /* [CP] Embed Pods Frameworks */ = {
			isa = PBXShellScriptBuildPhase;
			buildActionMask = 2147483647;
			files = (
			);
			inputPaths = (
				"${SRCROOT}/Pods/Target Support Files/Pods-rxzzz/Pods-rxzzz-frameworks.sh",
				"${BUILT_PRODUCTS_DIR}/Alamofire/Alamofire.framework",
				"${BUILT_PRODUCTS_DIR}/Moya/Moya.framework",
				"${BUILT_PRODUCTS_DIR}/ObjectMapper/ObjectMapper.framework",
				"${BUILT_PRODUCTS_DIR}/Result/Result.framework",
				"${BUILT_PRODUCTS_DIR}/RxCocoa/RxCocoa.framework",
				"${BUILT_PRODUCTS_DIR}/RxSwift/RxSwift.framework",
			);
			name = "[CP] Embed Pods Frameworks";
			outputPaths = (
				"${TARGET_BUILD_DIR}/${FRAMEWORKS_FOLDER_PATH}/Alamofire.framework",
				"${TARGET_BUILD_DIR}/${FRAMEWORKS_FOLDER_PATH}/Moya.framework",
				"${TARGET_BUILD_DIR}/${FRAMEWORKS_FOLDER_PATH}/ObjectMapper.framework",
				"${TARGET_BUILD_DIR}/${FRAMEWORKS_FOLDER_PATH}/Result.framework",
				"${TARGET_BUILD_DIR}/${FRAMEWORKS_FOLDER_PATH}/RxCocoa.framework",
				"${TARGET_BUILD_DIR}/${FRAMEWORKS_FOLDER_PATH}/RxSwift.framework",
			);
			runOnlyForDeploymentPostprocessing = 0;
			shellPath = /bin/sh;
			shellScript = "\"${SRCROOT}/Pods/Target Support Files/Pods-rxzzz/Pods-rxzzz-frameworks.sh\"\n";
			showEnvVarsInLog = 0;
		};
		37A1C10621547B2C93E29076 /* [CP] Copy Pods Resources */ = {
			isa = PBXShellScriptBuildPhase;
			buildActionMask = 2147483647;
			files = (
			);
			inputPaths = (
			);
			name = "[CP] Copy Pods Resources";
			outputPaths = (
			);
			runOnlyForDeploymentPostprocessing = 0;
			shellPath = /bin/sh;
			shellScript = "\"${SRCROOT}/Pods/Target Support Files/Pods-rxzzz/Pods-rxzzz-resources.sh\"\n";
			showEnvVarsInLog = 0;
		};
		FD324914BEB1DB4B3B6BCF29 /* [CP] Check Pods Manifest.lock */ = {
			isa = PBXShellScriptBuildPhase;
			buildActionMask = 2147483647;
			files = (
			);
			inputPaths = (
				"${PODS_PODFILE_DIR_PATH}/Podfile.lock",
				"${PODS_ROOT}/Manifest.lock",
			);
			name = "[CP] Check Pods Manifest.lock";
			outputPaths = (
				"$(DERIVED_FILE_DIR)/Pods-rxzzz-checkManifestLockResult.txt",
			);
			runOnlyForDeploymentPostprocessing = 0;
			shellPath = /bin/sh;
			shellScript = "diff \"${PODS_PODFILE_DIR_PATH}/Podfile.lock\" \"${PODS_ROOT}/Manifest.lock\" > /dev/null\nif [ $? != 0 ] ; then\n    # print error to STDERR\n    echo \"error: The sandbox is not in sync with the Podfile.lock. Run 'pod install' or update your CocoaPods installation.\" >&2\n    exit 1\nfi\n# This output is used by Xcode 'outputs' to avoid re-running this script phase.\necho \"SUCCESS\" > \"${SCRIPT_OUTPUT_FILE_0}\"\n";
			showEnvVarsInLog = 0;
		};
/* End PBXShellScriptBuildPhase section */

/* Begin PBXSourcesBuildPhase section */
		4CA0F845200DE96F00B12199 /* Sources */ = {
			isa = PBXSourcesBuildPhase;
			buildActionMask = 2147483647;
			files = (
				4CA0F84F200DE96F00B12199 /* ViewController.swift in Sources */,
				4CA0F84D200DE96F00B12199 /* AppDelegate.swift in Sources */,
				4CF577CB201883E3003AADBD /* Observable + ObjectMapper.swift in Sources */,
				4CF577C920188120003AADBD /* UserAPI.swift in Sources */,
			);
			runOnlyForDeploymentPostprocessing = 0;
		};
/* End PBXSourcesBuildPhase section */

/* Begin PBXVariantGroup section */
		4CA0F850200DE96F00B12199 /* Main.storyboard */ = {
			isa = PBXVariantGroup;
			children = (
				4CA0F851200DE96F00B12199 /* Base */,
			);
			name = Main.storyboard;
			sourceTree = "<group>";
		};
		4CA0F855200DE96F00B12199 /* LaunchScreen.storyboard */ = {
			isa = PBXVariantGroup;
			children = (
				4CA0F856200DE96F00B12199 /* Base */,
			);
			name = LaunchScreen.storyboard;
			sourceTree = "<group>";
		};
/* End PBXVariantGroup section */

/* Begin XCBuildConfiguration section */
		4CA0F859200DE96F00B12199 /* Debug */ = {
			isa = XCBuildConfiguration;
			buildSettings = {
				ALWAYS_SEARCH_USER_PATHS = NO;
				CLANG_ANALYZER_NONNULL = YES;
				CLANG_ANALYZER_NUMBER_OBJECT_CONVERSION = YES_AGGRESSIVE;
				CLANG_CXX_LANGUAGE_STANDARD = "gnu++14";
				CLANG_CXX_LIBRARY = "libc++";
				CLANG_ENABLE_MODULES = YES;
				CLANG_ENABLE_OBJC_ARC = YES;
				CLANG_WARN_BLOCK_CAPTURE_AUTORELEASING = YES;
				CLANG_WARN_BOOL_CONVERSION = YES;
				CLANG_WARN_COMMA = YES;
				CLANG_WARN_CONSTANT_CONVERSION = YES;
				CLANG_WARN_DIRECT_OBJC_ISA_USAGE = YES_ERROR;
				CLANG_WARN_DOCUMENTATION_COMMENTS = YES;
				CLANG_WARN_EMPTY_BODY = YES;
				CLANG_WARN_ENUM_CONVERSION = YES;
				CLANG_WARN_INFINITE_RECURSION = YES;
				CLANG_WARN_INT_CONVERSION = YES;
				CLANG_WARN_NON_LITERAL_NULL_CONVERSION = YES;
				CLANG_WARN_OBJC_LITERAL_CONVERSION = YES;
				CLANG_WARN_OBJC_ROOT_CLASS = YES_ERROR;
				CLANG_WARN_RANGE_LOOP_ANALYSIS = YES;
				CLANG_WARN_STRICT_PROTOTYPES = YES;
				CLANG_WARN_SUSPICIOUS_MOVE = YES;
				CLANG_WARN_UNGUARDED_AVAILABILITY = YES_AGGRESSIVE;
				CLANG_WARN_UNREACHABLE_CODE = YES;
				CLANG_WARN__DUPLICATE_METHOD_MATCH = YES;
				CODE_SIGN_IDENTITY = "iPhone Developer";
				COPY_PHASE_STRIP = NO;
				DEBUG_INFORMATION_FORMAT = dwarf;
				ENABLE_STRICT_OBJC_MSGSEND = YES;
				ENABLE_TESTABILITY = YES;
				GCC_C_LANGUAGE_STANDARD = gnu11;
				GCC_DYNAMIC_NO_PIC = NO;
				GCC_NO_COMMON_BLOCKS = YES;
				GCC_OPTIMIZATION_LEVEL = 0;
				GCC_PREPROCESSOR_DEFINITIONS = (
					"DEBUG=1",
					"$(inherited)",
				);
				GCC_WARN_64_TO_32_BIT_CONVERSION = YES;
				GCC_WARN_ABOUT_RETURN_TYPE = YES_ERROR;
				GCC_WARN_UNDECLARED_SELECTOR = YES;
				GCC_WARN_UNINITIALIZED_AUTOS = YES_AGGRESSIVE;
				GCC_WARN_UNUSED_FUNCTION = YES;
				GCC_WARN_UNUSED_VARIABLE = YES;
				IPHONEOS_DEPLOYMENT_TARGET = 11.2;
				MTL_ENABLE_DEBUG_INFO = YES;
				ONLY_ACTIVE_ARCH = YES;
				SDKROOT = iphoneos;
				SWIFT_ACTIVE_COMPILATION_CONDITIONS = DEBUG;
				SWIFT_OPTIMIZATION_LEVEL = "-Onone";
			};
			name = Debug;
		};
		4CA0F85A200DE96F00B12199 /* Release */ = {
			isa = XCBuildConfiguration;
			buildSettings = {
				ALWAYS_SEARCH_USER_PATHS = NO;
				CLANG_ANALYZER_NONNULL = YES;
				CLANG_ANALYZER_NUMBER_OBJECT_CONVERSION = YES_AGGRESSIVE;
				CLANG_CXX_LANGUAGE_STANDARD = "gnu++14";
				CLANG_CXX_LIBRARY = "libc++";
				CLANG_ENABLE_MODULES = YES;
				CLANG_ENABLE_OBJC_ARC = YES;
				CLANG_WARN_BLOCK_CAPTURE_AUTORELEASING = YES;
				CLANG_WARN_BOOL_CONVERSION = YES;
				CLANG_WARN_COMMA = YES;
				CLANG_WARN_CONSTANT_CONVERSION = YES;
				CLANG_WARN_DIRECT_OBJC_ISA_USAGE = YES_ERROR;
				CLANG_WARN_DOCUMENTATION_COMMENTS = YES;
				CLANG_WARN_EMPTY_BODY = YES;
				CLANG_WARN_ENUM_CONVERSION = YES;
				CLANG_WARN_INFINITE_RECURSION = YES;
				CLANG_WARN_INT_CONVERSION = YES;
				CLANG_WARN_NON_LITERAL_NULL_CONVERSION = YES;
				CLANG_WARN_OBJC_LITERAL_CONVERSION = YES;
				CLANG_WARN_OBJC_ROOT_CLASS = YES_ERROR;
				CLANG_WARN_RANGE_LOOP_ANALYSIS = YES;
				CLANG_WARN_STRICT_PROTOTYPES = YES;
				CLANG_WARN_SUSPICIOUS_MOVE = YES;
				CLANG_WARN_UNGUARDED_AVAILABILITY = YES_AGGRESSIVE;
				CLANG_WARN_UNREACHABLE_CODE = YES;
				CLANG_WARN__DUPLICATE_METHOD_MATCH = YES;
				CODE_SIGN_IDENTITY = "iPhone Developer";
				COPY_PHASE_STRIP = NO;
				DEBUG_INFORMATION_FORMAT = "dwarf-with-dsym";
				ENABLE_NS_ASSERTIONS = NO;
				ENABLE_STRICT_OBJC_MSGSEND = YES;
				GCC_C_LANGUAGE_STANDARD = gnu11;
				GCC_NO_COMMON_BLOCKS = YES;
				GCC_WARN_64_TO_32_BIT_CONVERSION = YES;
				GCC_WARN_ABOUT_RETURN_TYPE = YES_ERROR;
				GCC_WARN_UNDECLARED_SELECTOR = YES;
				GCC_WARN_UNINITIALIZED_AUTOS = YES_AGGRESSIVE;
				GCC_WARN_UNUSED_FUNCTION = YES;
				GCC_WARN_UNUSED_VARIABLE = YES;
				IPHONEOS_DEPLOYMENT_TARGET = 11.2;
				MTL_ENABLE_DEBUG_INFO = NO;
				SDKROOT = iphoneos;
				SWIFT_OPTIMIZATION_LEVEL = "-Owholemodule";
				VALIDATE_PRODUCT = YES;
			};
			name = Release;
		};
		4CA0F85C200DE96F00B12199 /* Debug */ = {
			isa = XCBuildConfiguration;
			baseConfigurationReference = 82987C80E379DD1D81648F28 /* Pods-rxzzz.debug.xcconfig */;
			buildSettings = {
				ASSETCATALOG_COMPILER_APPICON_NAME = AppIcon;
				CODE_SIGN_STYLE = Automatic;
				INFOPLIST_FILE = rxzzz/Info.plist;
				LD_RUNPATH_SEARCH_PATHS = "$(inherited) @executable_path/Frameworks";
				PRODUCT_BUNDLE_IDENTIFIER = com.jiang.rxzzz;
				PRODUCT_NAME = "$(TARGET_NAME)";
				SWIFT_VERSION = 4.0;
				TARGETED_DEVICE_FAMILY = "1,2";
			};
			name = Debug;
		};
		4CA0F85D200DE96F00B12199 /* Release */ = {
			isa = XCBuildConfiguration;
			baseConfigurationReference = 311E54BF2A0ABA7F34EB8030 /* Pods-rxzzz.release.xcconfig */;
			buildSettings = {
				ASSETCATALOG_COMPILER_APPICON_NAME = AppIcon;
				CODE_SIGN_STYLE = Automatic;
				INFOPLIST_FILE = rxzzz/Info.plist;
				LD_RUNPATH_SEARCH_PATHS = "$(inherited) @executable_path/Frameworks";
				PRODUCT_BUNDLE_IDENTIFIER = com.jiang.rxzzz;
				PRODUCT_NAME = "$(TARGET_NAME)";
				SWIFT_VERSION = 4.0;
				TARGETED_DEVICE_FAMILY = "1,2";
			};
			name = Release;
		};
/* End XCBuildConfiguration section */

/* Begin XCConfigurationList section */
		4CA0F844200DE96F00B12199 /* Build configuration list for PBXProject "rxzzz" */ = {
			isa = XCConfigurationList;
			buildConfigurations = (
				4CA0F859200DE96F00B12199 /* Debug */,
				4CA0F85A200DE96F00B12199 /* Release */,
			);
			defaultConfigurationIsVisible = 0;
			defaultConfigurationName = Release;
		};
		4CA0F85B200DE96F00B12199 /* Build configuration list for PBXNativeTarget "rxzzz" */ = {
			isa = XCConfigurationList;
			buildConfigurations = (
				4CA0F85C200DE96F00B12199 /* Debug */,
				4CA0F85D200DE96F00B12199 /* Release */,
			);
			defaultConfigurationIsVisible = 0;
			defaultConfigurationName = Release;
		};
/* End XCConfigurationList section */
	};
	rootObject = 4CA0F841200DE96F00B12199 /* Project object */;
}
